
Microsoft Visual Studio Solution File, Format Version 12.00
# Visual Studio Version 17
VisualStudioVersion = 17.11.35312.102
MinimumVisualStudioVersion = 10.0.40219.1
Project("{9A19103F-16F7-4668-BE54-9A1E7A4F7556}") = "PawFund.Core", "PawFund.Core\PawFund.Core.csproj", "{6CA104A0-0186-468D-B083-5A2B1D1FD45F}"
EndProject
Project("{9A19103F-16F7-4668-BE54-9A1E7A4F7556}") = "PawFund", "PawFund.Infrastructure\PawFund.csproj", "{DF46814D-24AE-4F3E-BE3C-D42DD6DA35E6}"
	ProjectSection(ProjectDependencies) = postProject
		{5BAE1BFF-D86F-4554-BC13-EE17B80C50F4} = {5BAE1BFF-D86F-4554-BC13-EE17B80C50F4}
		{6CA104A0-0186-468D-B083-5A2B1D1FD45F} = {6CA104A0-0186-468D-B083-5A2B1D1FD45F}
	EndProjectSection
EndProject
Project("{9A19103F-16F7-4668-BE54-9A1E7A4F7556}") = "PawFund.Test", "PawFund.Test\PawFund.Test.csproj", "{737DC8A6-7E07-43D1-85D1-94682EF60509}"
EndProject
Project("{FAE04EC0-301F-11D3-BF4B-00C04F79EFBC}") = "PawFund.API", "PawFund.API\PawFund.API.csproj", "{5BAE1BFF-D86F-4554-BC13-EE17B80C50F4}"
EndProject
Global
	GlobalSection(SolutionConfigurationPlatforms) = preSolution
		Debug|Any CPU = Debug|Any CPU
		Release|Any CPU = Release|Any CPU
	EndGlobalSection
	GlobalSection(ProjectConfigurationPlatforms) = postSolution
		{6CA104A0-0186-468D-B083-5A2B1D1FD45F}.Debug|Any CPU.ActiveCfg = Debug|Any CPU
		{6CA104A0-0186-468D-B083-5A2B1D1FD45F}.Debug|Any CPU.Build.0 = Debug|Any CPU
		{6CA104A0-0186-468D-B083-5A2B1D1FD45F}.Release|Any CPU.ActiveCfg = Release|Any CPU
		{6CA104A0-0186-468D-B083-5A2B1D1FD45F}.Release|Any CPU.Build.0 = Release|Any CPU
		{DF46814D-24AE-4F3E-BE3C-D42DD6DA35E6}.Debug|Any CPU.ActiveCfg = Debug|Any CPU
		{DF46814D-24AE-4F3E-BE3C-D42DD6DA35E6}.Debug|Any CPU.Build.0 = Debug|Any CPU
		{DF46814D-24AE-4F3E-BE3C-D42DD6DA35E6}.Release|Any CPU.ActiveCfg = Release|Any CPU
		{DF46814D-24AE-4F3E-BE3C-D42DD6DA35E6}.Release|Any CPU.Build.0 = Release|Any CPU
		{737DC8A6-7E07-43D1-85D1-94682EF60509}.Debug|Any CPU.ActiveCfg = Debug|Any CPU
		{737DC8A6-7E07-43D1-85D1-94682EF60509}.Debug|Any CPU.Build.0 = Debug|Any CPU
		{737DC8A6-7E07-43D1-85D1-94682EF60509}.Release|Any CPU.ActiveCfg = Release|Any CPU
		{737DC8A6-7E07-43D1-85D1-94682EF60509}.Release|Any CPU.Build.0 = Release|Any CPU
		{5BAE1BFF-D86F-4554-BC13-EE17B80C50F4}.Debug|Any CPU.ActiveCfg = Debug|Any CPU
		{5BAE1BFF-D86F-4554-BC13-EE17B80C50F4}.Debug|Any CPU.Build.0 = Debug|Any CPU
		{5BAE1BFF-D86F-4554-BC13-EE17B80C50F4}.Release|Any CPU.ActiveCfg = Release|Any CPU
		{5BAE1BFF-D86F-4554-BC13-EE17B80C50F4}.Release|Any CPU.Build.0 = Release|Any CPU
	EndGlobalSection
	GlobalSection(SolutionProperties) = preSolution
		HideSolutionNode = FALSE
	EndGlobalSection
	GlobalSection(ExtensibilityGlobals) = postSolution
		SolutionGuid = {CFC48C85-BC46-4EDE-A8CE-E59F04C5A048}
	EndGlobalSection
EndGlobal
