
Microsoft Visual Studio Solution File, Format Version 12.00
# Visual Studio Version 17
VisualStudioVersion = 17.11.35312.102
MinimumVisualStudioVersion = 10.0.40219.1
Project("{9A19103F-16F7-4668-BE54-9A1E7A4F7556}") = "PawFund.Core", "PawFund.Core\PawFund.Core.csproj", "{6CA104A0-0186-468D-B083-5A2B1D1FD45F}"
EndProject
Project("{9A19103F-16F7-4668-BE54-9A1E7A4F7556}") = "PawFund.Test", "PawFund.Test\PawFund.Test.csproj", "{737DC8A6-7E07-43D1-85D1-94682EF60509}"
EndProject
Project("{9A19103F-16F7-4668-BE54-9A1E7A4F7556}") = "PawFund.API", "PawFund.API\PawFund.API.csproj", "{5BAE1BFF-D86F-4554-BC13-EE17B80C50F4}"
EndProject
Project("{54A90642-561A-4BB1-A94E-469ADEE60C69}") = "pawfund.web.client", "PawFund.Web\pawfund.web.client\pawfund.web.client.esproj", "{E970BADF-9D65-47BF-ABFE-44DDA72295E7}"
	ProjectSection(ProjectDependencies) = postProject
		{5BAE1BFF-D86F-4554-BC13-EE17B80C50F4} = {5BAE1BFF-D86F-4554-BC13-EE17B80C50F4}
	EndProjectSection
EndProject
Global
	GlobalSection(SolutionConfigurationPlatforms) = preSolution
		Debug|Any CPU = Debug|Any CPU
		Release|Any CPU = Release|Any CPU
	EndGlobalSection
	GlobalSection(ProjectConfigurationPlatforms) = postSolution
		{6CA104A0-0186-468D-B083-5A2B1D1FD45F}.Debug|Any CPU.ActiveCfg = Debug|Any CPU
		{6CA104A0-0186-468D-B083-5A2B1D1FD45F}.Debug|Any CPU.Build.0 = Debug|Any CPU
		{6CA104A0-0186-468D-B083-5A2B1D1FD45F}.Release|Any CPU.ActiveCfg = Release|Any CPU
		{6CA104A0-0186-468D-B083-5A2B1D1FD45F}.Release|Any CPU.Build.0 = Release|Any CPU
		{737DC8A6-7E07-43D1-85D1-94682EF60509}.Debug|Any CPU.ActiveCfg = Debug|Any CPU
		{737DC8A6-7E07-43D1-85D1-94682EF60509}.Debug|Any CPU.Build.0 = Debug|Any CPU
		{737DC8A6-7E07-43D1-85D1-94682EF60509}.Release|Any CPU.ActiveCfg = Release|Any CPU
		{737DC8A6-7E07-43D1-85D1-94682EF60509}.Release|Any CPU.Build.0 = Release|Any CPU
		{5BAE1BFF-D86F-4554-BC13-EE17B80C50F4}.Debug|Any CPU.ActiveCfg = Debug|Any CPU
		{5BAE1BFF-D86F-4554-BC13-EE17B80C50F4}.Debug|Any CPU.Build.0 = Debug|Any CPU
		{5BAE1BFF-D86F-4554-BC13-EE17B80C50F4}.Release|Any CPU.ActiveCfg = Release|Any CPU
		{5BAE1BFF-D86F-4554-BC13-EE17B80C50F4}.Release|Any CPU.Build.0 = Release|Any CPU
		{E970BADF-9D65-47BF-ABFE-44DDA72295E7}.Debug|Any CPU.ActiveCfg = Debug|Any CPU
		{E970BADF-9D65-47BF-ABFE-44DDA72295E7}.Debug|Any CPU.Build.0 = Debug|Any CPU
		{E970BADF-9D65-47BF-ABFE-44DDA72295E7}.Debug|Any CPU.Deploy.0 = Debug|Any CPU
		{E970BADF-9D65-47BF-ABFE-44DDA72295E7}.Release|Any CPU.ActiveCfg = Release|Any CPU
		{E970BADF-9D65-47BF-ABFE-44DDA72295E7}.Release|Any CPU.Build.0 = Release|Any CPU
		{E970BADF-9D65-47BF-ABFE-44DDA72295E7}.Release|Any CPU.Deploy.0 = Release|Any CPU
	EndGlobalSection
	GlobalSection(SolutionProperties) = preSolution
		HideSolutionNode = FALSE
	EndGlobalSection
	GlobalSection(ExtensibilityGlobals) = postSolution
		SolutionGuid = {CFC48C85-BC46-4EDE-A8CE-E59F04C5A048}
	EndGlobalSection
EndGlobal
